// !$*UTF8*$!
{
	archiveVersion = 1;
	classes = {
	};
	objectVersion = 46;
	objects = {

/* Begin PBXBuildFile section */
		0B5535CC1A948C2200DB803E /* DataController.swift in Sources */ = {isa = PBXBuildFile; fileRef = 0B5535CB1A948C2200DB803E /* DataController.swift */; };
		0B8167871A954349005AF343 /* USDAItem.swift in Sources */ = {isa = PBXBuildFile; fileRef = 0B8167861A954349005AF343 /* USDAItem.swift */; };
		0BA8F5A81A92A15900C2D8F4 /* AppDelegate.swift in Sources */ = {isa = PBXBuildFile; fileRef = 0BA8F5A71A92A15900C2D8F4 /* AppDelegate.swift */; };
		0BA8F5AB1A92A15900C2D8F4 /* FoodTracker.xcdatamodeld in Sources */ = {isa = PBXBuildFile; fileRef = 0BA8F5A91A92A15900C2D8F4 /* FoodTracker.xcdatamodeld */; };
		0BA8F5AD1A92A15900C2D8F4 /* ViewController.swift in Sources */ = {isa = PBXBuildFile; fileRef = 0BA8F5AC1A92A15900C2D8F4 /* ViewController.swift */; };
		0BA8F5B01A92A15900C2D8F4 /* Main.storyboard in Resources */ = {isa = PBXBuildFile; fileRef = 0BA8F5AE1A92A15900C2D8F4 /* Main.storyboard */; };
		0BA8F5B21A92A15900C2D8F4 /* Images.xcassets in Resources */ = {isa = PBXBuildFile; fileRef = 0BA8F5B11A92A15900C2D8F4 /* Images.xcassets */; };
		0BA8F5B51A92A15900C2D8F4 /* LaunchScreen.xib in Resources */ = {isa = PBXBuildFile; fileRef = 0BA8F5B31A92A15900C2D8F4 /* LaunchScreen.xib */; };
		0BA8F5C11A92A15A00C2D8F4 /* FoodTrackerTests.swift in Sources */ = {isa = PBXBuildFile; fileRef = 0BA8F5C01A92A15A00C2D8F4 /* FoodTrackerTests.swift */; };
		0BA8F5CB1A92A42100C2D8F4 /* DetailViewController.swift in Sources */ = {isa = PBXBuildFile; fileRef = 0BA8F5CA1A92A42100C2D8F4 /* DetailViewController.swift */; };
/* End PBXBuildFile section */

/* Begin PBXContainerItemProxy section */
		0BA8F5BB1A92A15A00C2D8F4 /* PBXContainerItemProxy */ = {
			isa = PBXContainerItemProxy;
			containerPortal = 0BA8F59A1A92A15900C2D8F4 /* Project object */;
			proxyType = 1;
			remoteGlobalIDString = 0BA8F5A11A92A15900C2D8F4;
			remoteInfo = FoodTracker;
		};
/* End PBXContainerItemProxy section */

/* Begin PBXFileReference section */
		0B5535CB1A948C2200DB803E /* DataController.swift */ = {isa = PBXFileReference; fileEncoding = 4; lastKnownFileType = sourcecode.swift; path = DataController.swift; sourceTree = "<group>"; };
		0B8167861A954349005AF343 /* USDAItem.swift */ = {isa = PBXFileReference; fileEncoding = 4; lastKnownFileType = sourcecode.swift; path = USDAItem.swift; sourceTree = "<group>"; };
		0BA8F5A21A92A15900C2D8F4 /* FoodTracker.app */ = {isa = PBXFileReference; explicitFileType = wrapper.application; includeInIndex = 0; path = FoodTracker.app; sourceTree = BUILT_PRODUCTS_DIR; };
		0BA8F5A61A92A15900C2D8F4 /* Info.plist */ = {isa = PBXFileReference; lastKnownFileType = text.plist.xml; path = Info.plist; sourceTree = "<group>"; };
		0BA8F5A71A92A15900C2D8F4 /* AppDelegate.swift */ = {isa = PBXFileReference; lastKnownFileType = sourcecode.swift; path = AppDelegate.swift; sourceTree = "<group>"; };
		0BA8F5AA1A92A15900C2D8F4 /* FoodTracker.xcdatamodel */ = {isa = PBXFileReference; lastKnownFileType = wrapper.xcdatamodel; path = FoodTracker.xcdatamodel; sourceTree = "<group>"; };
		0BA8F5AC1A92A15900C2D8F4 /* ViewController.swift */ = {isa = PBXFileReference; lastKnownFileType = sourcecode.swift; path = ViewController.swift; sourceTree = "<group>"; };
		0BA8F5AF1A92A15900C2D8F4 /* Base */ = {isa = PBXFileReference; lastKnownFileType = file.storyboard; name = Base; path = Base.lproj/Main.storyboard; sourceTree = "<group>"; };
		0BA8F5B11A92A15900C2D8F4 /* Images.xcassets */ = {isa = PBXFileReference; lastKnownFileType = folder.assetcatalog; path = Images.xcassets; sourceTree = "<group>"; };
		0BA8F5B41A92A15900C2D8F4 /* Base */ = {isa = PBXFileReference; lastKnownFileType = file.xib; name = Base; path = Base.lproj/LaunchScreen.xib; sourceTree = "<group>"; };
		0BA8F5BA1A92A15A00C2D8F4 /* FoodTrackerTests.xctest */ = {isa = PBXFileReference; explicitFileType = wrapper.cfbundle; includeInIndex = 0; path = FoodTrackerTests.xctest; sourceTree = BUILT_PRODUCTS_DIR; };
		0BA8F5BF1A92A15A00C2D8F4 /* Info.plist */ = {isa = PBXFileReference; lastKnownFileType = text.plist.xml; path = Info.plist; sourceTree = "<group>"; };
		0BA8F5C01A92A15A00C2D8F4 /* FoodTrackerTests.swift */ = {isa = PBXFileReference; lastKnownFileType = sourcecode.swift; path = FoodTrackerTests.swift; sourceTree = "<group>"; };
		0BA8F5CA1A92A42100C2D8F4 /* DetailViewController.swift */ = {isa = PBXFileReference; fileEncoding = 4; lastKnownFileType = sourcecode.swift; path = DetailViewController.swift; sourceTree = "<group>"; };
/* End PBXFileReference section */

/* Begin PBXFrameworksBuildPhase section */
		0BA8F59F1A92A15900C2D8F4 /* Frameworks */ = {
			isa = PBXFrameworksBuildPhase;
			buildActionMask = 2147483647;
			files = (
			);
			runOnlyForDeploymentPostprocessing = 0;
		};
		0BA8F5B71A92A15A00C2D8F4 /* Frameworks */ = {
			isa = PBXFrameworksBuildPhase;
			buildActionMask = 2147483647;
			files = (
			);
			runOnlyForDeploymentPostprocessing = 0;
		};
/* End PBXFrameworksBuildPhase section */

/* Begin PBXGroup section */
		0BA8F5991A92A15900C2D8F4 = {
			isa = PBXGroup;
			children = (
				0BA8F5A41A92A15900C2D8F4 /* FoodTracker */,
				0BA8F5BD1A92A15A00C2D8F4 /* FoodTrackerTests */,
				0BA8F5A31A92A15900C2D8F4 /* Products */,
			);
			sourceTree = "<group>";
		};
		0BA8F5A31A92A15900C2D8F4 /* Products */ = {
			isa = PBXGroup;
			children = (
				0BA8F5A21A92A15900C2D8F4 /* FoodTracker.app */,
				0BA8F5BA1A92A15A00C2D8F4 /* FoodTrackerTests.xctest */,
			);
			name = Products;
			sourceTree = "<group>";
		};
		0BA8F5A41A92A15900C2D8F4 /* FoodTracker */ = {
			isa = PBXGroup;
			children = (
				0BA8F5A71A92A15900C2D8F4 /* AppDelegate.swift */,
				0BA8F5AC1A92A15900C2D8F4 /* ViewController.swift */,
				0B5535CB1A948C2200DB803E /* DataController.swift */,
				0BA8F5CA1A92A42100C2D8F4 /* DetailViewController.swift */,
				0BA8F5AE1A92A15900C2D8F4 /* Main.storyboard */,
				0BA8F5B11A92A15900C2D8F4 /* Images.xcassets */,
				0BA8F5B31A92A15900C2D8F4 /* LaunchScreen.xib */,
				0BA8F5A91A92A15900C2D8F4 /* FoodTracker.xcdatamodeld */,
				0B8167861A954349005AF343 /* USDAItem.swift */,
				0BA8F5A51A92A15900C2D8F4 /* Supporting Files */,
			);
			path = FoodTracker;
			sourceTree = "<group>";
		};
		0BA8F5A51A92A15900C2D8F4 /* Supporting Files */ = {
			isa = PBXGroup;
			children = (
				0BA8F5A61A92A15900C2D8F4 /* Info.plist */,
			);
			name = "Supporting Files";
			sourceTree = "<group>";
		};
		0BA8F5BD1A92A15A00C2D8F4 /* FoodTrackerTests */ = {
			isa = PBXGroup;
			children = (
				0BA8F5C01A92A15A00C2D8F4 /* FoodTrackerTests.swift */,
				0BA8F5BE1A92A15A00C2D8F4 /* Supporting Files */,
			);
			path = FoodTrackerTests;
			sourceTree = "<group>";
		};
		0BA8F5BE1A92A15A00C2D8F4 /* Supporting Files */ = {
			isa = PBXGroup;
			children = (
				0BA8F5BF1A92A15A00C2D8F4 /* Info.plist */,
			);
			name = "Supporting Files";
			sourceTree = "<group>";
		};
/* End PBXGroup section */

/* Begin PBXNativeTarget section */
		0BA8F5A11A92A15900C2D8F4 /* FoodTracker */ = {
			isa = PBXNativeTarget;
			buildConfigurationList = 0BA8F5C41A92A15A00C2D8F4 /* Build configuration list for PBXNativeTarget "FoodTracker" */;
			buildPhases = (
				0BA8F59E1A92A15900C2D8F4 /* Sources */,
				0BA8F59F1A92A15900C2D8F4 /* Frameworks */,
				0BA8F5A01A92A15900C2D8F4 /* Resources */,
			);
			buildRules = (
			);
			dependencies = (
			);
			name = FoodTracker;
			productName = FoodTracker;
			productReference = 0BA8F5A21A92A15900C2D8F4 /* FoodTracker.app */;
			productType = "com.apple.product-type.application";
		};
		0BA8F5B91A92A15A00C2D8F4 /* FoodTrackerTests */ = {
			isa = PBXNativeTarget;
			buildConfigurationList = 0BA8F5C71A92A15A00C2D8F4 /* Build configuration list for PBXNativeTarget "FoodTrackerTests" */;
			buildPhases = (
				0BA8F5B61A92A15A00C2D8F4 /* Sources */,
				0BA8F5B71A92A15A00C2D8F4 /* Frameworks */,
				0BA8F5B81A92A15A00C2D8F4 /* Resources */,
			);
			buildRules = (
			);
			dependencies = (
				0BA8F5BC1A92A15A00C2D8F4 /* PBXTargetDependency */,
			);
			name = FoodTrackerTests;
			productName = FoodTrackerTests;
			productReference = 0BA8F5BA1A92A15A00C2D8F4 /* FoodTrackerTests.xctest */;
			productType = "com.apple.product-type.bundle.unit-test";
		};
/* End PBXNativeTarget section */

/* Begin PBXProject section */
		0BA8F59A1A92A15900C2D8F4 /* Project object */ = {
			isa = PBXProject;
			attributes = {
				LastUpgradeCheck = 0610;
				ORGANIZATIONNAME = "Son Luu";
				TargetAttributes = {
					0BA8F5A11A92A15900C2D8F4 = {
						CreatedOnToolsVersion = 6.1.1;
					};
					0BA8F5B91A92A15A00C2D8F4 = {
						CreatedOnToolsVersion = 6.1.1;
						TestTargetID = 0BA8F5A11A92A15900C2D8F4;
					};
				};
			};
			buildConfigurationList = 0BA8F59D1A92A15900C2D8F4 /* Build configuration list for PBXProject "FoodTracker" */;
			compatibilityVersion = "Xcode 3.2";
			developmentRegion = English;
			hasScannedForEncodings = 0;
			knownRegions = (
				en,
				Base,
			);
			mainGroup = 0BA8F5991A92A15900C2D8F4;
			productRefGroup = 0BA8F5A31A92A15900C2D8F4 /* Products */;
			projectDirPath = "";
			projectRoot = "";
			targets = (
				0BA8F5A11A92A15900C2D8F4 /* FoodTracker */,
				0BA8F5B91A92A15A00C2D8F4 /* FoodTrackerTests */,
			);
		};
/* End PBXProject section */

/* Begin PBXResourcesBuildPhase section */
		0BA8F5A01A92A15900C2D8F4 /* Resources */ = {
			isa = PBXResourcesBuildPhase;
			buildActionMask = 2147483647;
			files = (
				0BA8F5B01A92A15900C2D8F4 /* Main.storyboard in Resources */,
				0BA8F5B51A92A15900C2D8F4 /* LaunchScreen.xib in Resources */,
				0BA8F5B21A92A15900C2D8F4 /* Images.xcassets in Resources */,
			);
			runOnlyForDeploymentPostprocessing = 0;
		};
		0BA8F5B81A92A15A00C2D8F4 /* Resources */ = {
			isa = PBXResourcesBuildPhase;
			buildActionMask = 2147483647;
			files = (
			);
			runOnlyForDeploymentPostprocessing = 0;
		};
/* End PBXResourcesBuildPhase section */

/* Begin PBXSourcesBuildPhase section */
		0BA8F59E1A92A15900C2D8F4 /* Sources */ = {
			isa = PBXSourcesBuildPhase;
			buildActionMask = 2147483647;
			files = (
				0B5535CC1A948C2200DB803E /* DataController.swift in Sources */,
				0BA8F5AD1A92A15900C2D8F4 /* ViewController.swift in Sources */,
				0BA8F5AB1A92A15900C2D8F4 /* FoodTracker.xcdatamodeld in Sources */,
				0B8167871A954349005AF343 /* USDAItem.swift in Sources */,
				0BA8F5A81A92A15900C2D8F4 /* AppDelegate.swift in Sources */,
				0BA8F5CB1A92A42100C2D8F4 /* DetailViewController.swift in Sources */,
			);
			runOnlyForDeploymentPostprocessing = 0;
		};
		0BA8F5B61A92A15A00C2D8F4 /* Sources */ = {
			isa = PBXSourcesBuildPhase;
			buildActionMask = 2147483647;
			files = (
				0BA8F5C11A92A15A00C2D8F4 /* FoodTrackerTests.swift in Sources */,
			);
			runOnlyForDeploymentPostprocessing = 0;
		};
/* End PBXSourcesBuildPhase section */

/* Begin PBXTargetDependency section */
		0BA8F5BC1A92A15A00C2D8F4 /* PBXTargetDependency */ = {
			isa = PBXTargetDependency;
			target = 0BA8F5A11A92A15900C2D8F4 /* FoodTracker */;
			targetProxy = 0BA8F5BB1A92A15A00C2D8F4 /* PBXContainerItemProxy */;
		};
/* End PBXTargetDependency section */

/* Begin PBXVariantGroup section */
		0BA8F5AE1A92A15900C2D8F4 /* Main.storyboard */ = {
			isa = PBXVariantGroup;
			children = (
				0BA8F5AF1A92A15900C2D8F4 /* Base */,
			);
			name = Main.storyboard;
			sourceTree = "<group>";
		};
		0BA8F5B31A92A15900C2D8F4 /* LaunchScreen.xib */ = {
			isa = PBXVariantGroup;
			children = (
				0BA8F5B41A92A15900C2D8F4 /* Base */,
			);
			name = LaunchScreen.xib;
			sourceTree = "<group>";
		};
/* End PBXVariantGroup section */

/* Begin XCBuildConfiguration section */
		0BA8F5C21A92A15A00C2D8F4 /* Debug */ = {
			isa = XCBuildConfiguration;
			buildSettings = {
				ALWAYS_SEARCH_USER_PATHS = NO;
				CLANG_CXX_LANGUAGE_STANDARD = "gnu++0x";
				CLANG_CXX_LIBRARY = "libc++";
				CLANG_ENABLE_MODULES = YES;
				CLANG_ENABLE_OBJC_ARC = YES;
				CLANG_WARN_BOOL_CONVERSION = YES;
				CLANG_WARN_CONSTANT_CONVERSION = YES;
				CLANG_WARN_DIRECT_OBJC_ISA_USAGE = YES_ERROR;
				CLANG_WARN_EMPTY_BODY = YES;
				CLANG_WARN_ENUM_CONVERSION = YES;
				CLANG_WARN_INT_CONVERSION = YES;
				CLANG_WARN_OBJC_ROOT_CLASS = YES_ERROR;
				CLANG_WARN_UNREACHABLE_CODE = YES;
				CLANG_WARN__DUPLICATE_METHOD_MATCH = YES;
				"CODE_SIGN_IDENTITY[sdk=iphoneos*]" = "iPhone Developer";
				COPY_PHASE_STRIP = NO;
				ENABLE_STRICT_OBJC_MSGSEND = YES;
				GCC_C_LANGUAGE_STANDARD = gnu99;
				GCC_DYNAMIC_NO_PIC = NO;
				GCC_OPTIMIZATION_LEVEL = 0;
				GCC_PREPROCESSOR_DEFINITIONS = (
					"DEBUG=1",
					"$(inherited)",
				);
				GCC_SYMBOLS_PRIVATE_EXTERN = NO;
				GCC_WARN_64_TO_32_BIT_CONVERSION = YES;
				GCC_WARN_ABOUT_RETURN_TYPE = YES_ERROR;
				GCC_WARN_UNDECLARED_SELECTOR = YES;
				GCC_WARN_UNINITIALIZED_AUTOS = YES_AGGRESSIVE;
				GCC_WARN_UNUSED_FUNCTION = YES;
				GCC_WARN_UNUSED_VARIABLE = YES;
				IPHONEOS_DEPLOYMENT_TARGET = 8.1;
				MTL_ENABLE_DEBUG_INFO = YES;
				ONLY_ACTIVE_ARCH = YES;
				SDKROOT = iphoneos;
				SWIFT_OPTIMIZATION_LEVEL = "-Onone";
				TARGETED_DEVICE_FAMILY = "1,2";
			};
			name = Debug;
		};
		0BA8F5C31A92A15A00C2D8F4 /* Release */ = {
			isa = XCBuildConfiguration;
			buildSettings = {
				ALWAYS_SEARCH_USER_PATHS = NO;
				CLANG_CXX_LANGUAGE_STANDARD = "gnu++0x";
				CLANG_CXX_LIBRARY = "libc++";
				CLANG_ENABLE_MODULES = YES;
				CLANG_ENABLE_OBJC_ARC = YES;
				CLANG_WARN_BOOL_CONVERSION = YES;
				CLANG_WARN_CONSTANT_CONVERSION = YES;
				CLANG_WARN_DIRECT_OBJC_ISA_USAGE = YES_ERROR;
				CLANG_WARN_EMPTY_BODY = YES;
				CLANG_WARN_ENUM_CONVERSION = YES;
				CLANG_WARN_INT_CONVERSION = YES;
				CLANG_WARN_OBJC_ROOT_CLASS = YES_ERROR;
				CLANG_WARN_UNREACHABLE_CODE = YES;
				CLANG_WARN__DUPLICATE_METHOD_MATCH = YES;
				"CODE_SIGN_IDENTITY[sdk=iphoneos*]" = "iPhone Developer";
				COPY_PHASE_STRIP = YES;
				ENABLE_NS_ASSERTIONS = NO;
				ENABLE_STRICT_OBJC_MSGSEND = YES;
				GCC_C_LANGUAGE_STANDARD = gnu99;
				GCC_WARN_64_TO_32_BIT_CONVERSION = YES;
				GCC_WARN_ABOUT_RETURN_TYPE = YES_ERROR;
				GCC_WARN_UNDECLARED_SELECTOR = YES;
				GCC_WARN_UNINITIALIZED_AUTOS = YES_AGGRESSIVE;
				GCC_WARN_UNUSED_FUNCTION = YES;
				GCC_WARN_UNUSED_VARIABLE = YES;
				IPHONEOS_DEPLOYMENT_TARGET = 8.1;
				MTL_ENABLE_DEBUG_INFO = NO;
				SDKROOT = iphoneos;
				TARGETED_DEVICE_FAMILY = "1,2";
				VALIDATE_PRODUCT = YES;
			};
			name = Release;
		};
		0BA8F5C51A92A15A00C2D8F4 /* Debug */ = {
			isa = XCBuildConfiguration;
			buildSettings = {
				ASSETCATALOG_COMPILER_APPICON_NAME = AppIcon;
				CLANG_ENABLE_MODULES = YES;
				INFOPLIST_FILE = FoodTracker/Info.plist;
				LD_RUNPATH_SEARCH_PATHS = "$(inherited) @executable_path/Frameworks";
				PRODUCT_NAME = "$(TARGET_NAME)";
				SWIFT_OPTIMIZATION_LEVEL = "-Onone";
			};
			name = Debug;
		};
		0BA8F5C61A92A15A00C2D8F4 /* Release */ = {
			isa = XCBuildConfiguration;
			buildSettings = {
				ASSETCATALOG_COMPILER_APPICON_NAME = AppIcon;
				CLANG_ENABLE_MODULES = YES;
				INFOPLIST_FILE = FoodTracker/Info.plist;
				LD_RUNPATH_SEARCH_PATHS = "$(inherited) @executable_path/Frameworks";
				PRODUCT_NAME = "$(TARGET_NAME)";
			};
			name = Release;
		};
		0BA8F5C81A92A15A00C2D8F4 /* Debug */ = {
			isa = XCBuildConfiguration;
			buildSettings = {
				BUNDLE_LOADER = "$(TEST_HOST)";
				FRAMEWORK_SEARCH_PATHS = (
					"$(SDKROOT)/Developer/Library/Frameworks",
					"$(inherited)",
				);
				GCC_PREPROCESSOR_DEFINITIONS = (
					"DEBUG=1",
					"$(inherited)",
				);
				INFOPLIST_FILE = FoodTrackerTests/Info.plist;
				LD_RUNPATH_SEARCH_PATHS = "$(inherited) @executable_path/Frameworks @loader_path/Frameworks";
				PRODUCT_NAME = "$(TARGET_NAME)";
				TEST_HOST = "$(BUILT_PRODUCTS_DIR)/FoodTracker.app/FoodTracker";
			};
			name = Debug;
		};
		0BA8F5C91A92A15A00C2D8F4 /* Release */ = {
			isa = XCBuildConfiguration;
			buildSettings = {
				BUNDLE_LOADER = "$(TEST_HOST)";
				FRAMEWORK_SEARCH_PATHS = (
					"$(SDKROOT)/Developer/Library/Frameworks",
					"$(inherited)",
				);
				INFOPLIST_FILE = FoodTrackerTests/Info.plist;
				LD_RUNPATH_SEARCH_PATHS = "$(inherited) @executable_path/Frameworks @loader_path/Frameworks";
				PRODUCT_NAME = "$(TARGET_NAME)";
				TEST_HOST = "$(BUILT_PRODUCTS_DIR)/FoodTracker.app/FoodTracker";
			};
			name = Release;
		};
/* End XCBuildConfiguration section */

/* Begin XCConfigurationList section */
		0BA8F59D1A92A15900C2D8F4 /* Build configuration list for PBXProject "FoodTracker" */ = {
			isa = XCConfigurationList;
			buildConfigurations = (
				0BA8F5C21A92A15A00C2D8F4 /* Debug */,
				0BA8F5C31A92A15A00C2D8F4 /* Release */,
			);
			defaultConfigurationIsVisible = 0;
			defaultConfigurationName = Release;
		};
		0BA8F5C41A92A15A00C2D8F4 /* Build configuration list for PBXNativeTarget "FoodTracker" */ = {
			isa = XCConfigurationList;
			buildConfigurations = (
				0BA8F5C51A92A15A00C2D8F4 /* Debug */,
				0BA8F5C61A92A15A00C2D8F4 /* Release */,
			);
			defaultConfigurationIsVisible = 0;
			defaultConfigurationName = Release;
		};
		0BA8F5C71A92A15A00C2D8F4 /* Build configuration list for PBXNativeTarget "FoodTrackerTests" */ = {
			isa = XCConfigurationList;
			buildConfigurations = (
				0BA8F5C81A92A15A00C2D8F4 /* Debug */,
				0BA8F5C91A92A15A00C2D8F4 /* Release */,
			);
			defaultConfigurationIsVisible = 0;
			defaultConfigurationName = Release;
		};
/* End XCConfigurationList section */

/* Begin XCVersionGroup section */
		0BA8F5A91A92A15900C2D8F4 /* FoodTracker.xcdatamodeld */ = {
			isa = XCVersionGroup;
			children = (
				0BA8F5AA1A92A15900C2D8F4 /* FoodTracker.xcdatamodel */,
			);
			currentVersion = 0BA8F5AA1A92A15900C2D8F4 /* FoodTracker.xcdatamodel */;
			path = FoodTracker.xcdatamodeld;
			sourceTree = "<group>";
			versionGroupType = wrapper.xcdatamodel;
		};
/* End XCVersionGroup section */
	};
	rootObject = 0BA8F59A1A92A15900C2D8F4 /* Project object */;
}
